{
  "requires": true,
  "lockfileVersion": 1,
  "dependencies": {
    "@prettier/plugin-lua": {
      "version": "0.0.1",
      "resolved": "https://registry.npmjs.org/@prettier/plugin-lua/-/plugin-lua-0.0.1.tgz",
      "integrity": "sha512-fZ6hUPKfZq3KY4zWSQpdvPrbi1LtxPXJvFJYMJHxt8HxRyyySlFWspKhgcIdlaZ1EL3cMyP2muPvvDpM7GbyBQ==",
      "dev": true,
      "requires": {
        "luaparse": "0.2.1"
      }
    },
    "luaparse": {
      "version": "0.2.1",
      "resolved": "https://registry.npmjs.org/luaparse/-/luaparse-0.2.1.tgz",
      "integrity": "sha1-qo9WEysN6X0388mRqd9C4OF/ZWw=",
      "dev": true
    },
    "prettier": {
      "version": "1.19.1",
      "resolved": "https://registry.npmjs.org/prettier/-/prettier-1.19.1.tgz",
      "integrity": "sha512-s7PoyDv/II1ObgQunCbB9PdLmUcBZcnWOcxDh7O0N/UwDEsHyqkW+Qh28jW+mVuCdx7gLB0BotYI1Y6uI9iyew==",
      "dev": true
    }
  }
}
