# THIS IS AN AUTOGENERATED FILE. DO NOT EDIT THIS FILE DIRECTLY.
# yarn lockfile v1


"@prettier/plugin-lua@^0.0.1":
  version "0.0.1"
  resolved "https://registry.yarnpkg.com/@prettier/plugin-lua/-/plugin-lua-0.0.1.tgz#60498b7e3ca23bf390a9923c8d9072ca4020ce61"
  integrity sha512-fZ6hUPKfZq3KY4zWSQpdvPrbi1LtxPXJvFJYMJHxt8HxRyyySlFWspKhgcIdlaZ1EL3cMyP2muPvvDpM7GbyBQ==
  dependencies:
    luaparse "0.2.1"

luaparse@0.2.1:
  version "0.2.1"
  resolved "https://registry.yarnpkg.com/luaparse/-/luaparse-0.2.1.tgz#aa8f56132b0de97d37f3c991a9df42e0e17f656c"
  integrity sha1-qo9WEysN6X0388mRqd9C4OF/ZWw=

prettier@^1.19.1:
  version "1.19.1"
  resolved "https://registry.yarnpkg.com/prettier/-/prettier-1.19.1.tgz#f7d7f5ff8a9cd872a7be4ca142095956a60797cb"
  integrity sha512-s7PoyDv/II1ObgQunCbB9PdLmUcBZcnWOcxDh7O0N/UwDEsHyqkW+Qh28jW+mVuCdx7gLB0BotYI1Y6uI9iyew==
